
Microsoft Visual Studio Solution File, Format Version 12.00
# Visual Studio Version 17
VisualStudioVersion = 17.6.33829.357
MinimumVisualStudioVersion = 10.0.40219.1
Project("{FAE04EC0-301F-11D3-BF4B-00C04F79EFBC}") = "DevFreela.API", "DevFreela.API\DevFreela.API.csproj", "{3B2532DE-E16A-4302-A2E6-6447FDC5B001}"
EndProject
Global
	GlobalSection(SolutionConfigurationPlatforms) = preSolution
		Debug|Any CPU = Debug|Any CPU
		Release|Any CPU = Release|Any CPU
	EndGlobalSection
	GlobalSection(ProjectConfigurationPlatforms) = postSolution
		{3B2532DE-E16A-4302-A2E6-6447FDC5B001}.Debug|Any CPU.ActiveCfg = Debug|Any CPU
		{3B2532DE-E16A-4302-A2E6-6447FDC5B001}.Debug|Any CPU.Build.0 = Debug|Any CPU
		{3B2532DE-E16A-4302-A2E6-6447FDC5B001}.Release|Any CPU.ActiveCfg = Release|Any CPU
		{3B2532DE-E16A-4302-A2E6-6447FDC5B001}.Release|Any CPU.Build.0 = Release|Any CPU
	EndGlobalSection
	GlobalSection(SolutionProperties) = preSolution
		HideSolutionNode = FALSE
	EndGlobalSection
	GlobalSection(ExtensibilityGlobals) = postSolution
		SolutionGuid = {8B6AC93B-11EE-4098-B5A7-E88C2FC3476F}
	EndGlobalSection
EndGlobal
